
Microsoft Visual Studio Solution File, Format Version 12.00
# Visual Studio Version 17
VisualStudioVersion = 17.14.36518.9
MinimumVisualStudioVersion = 10.0.40219.1
Project("{FAE04EC0-301F-11D3-BF4B-00C04F79EFBC}") = "Warehouse1", "Warehouse1.csproj", "{B928507E-9650-4EF3-8D9A-C35F55C2A1A8}"
EndProject
Global
	GlobalSection(SolutionConfigurationPlatforms) = preSolution
		Debug|Any CPU = Debug|Any CPU
		Release|Any CPU = Release|Any CPU
	EndGlobalSection
	GlobalSection(ProjectConfigurationPlatforms) = postSolution
		{B928507E-9650-4EF3-8D9A-C35F55C2A1A8}.Debug|Any CPU.ActiveCfg = Debug|Any CPU
		{B928507E-9650-4EF3-8D9A-C35F55C2A1A8}.Debug|Any CPU.Build.0 = Debug|Any CPU
		{B928507E-9650-4EF3-8D9A-C35F55C2A1A8}.Release|Any CPU.ActiveCfg = Release|Any CPU
		{B928507E-9650-4EF3-8D9A-C35F55C2A1A8}.Release|Any CPU.Build.0 = Release|Any CPU
	EndGlobalSection
	GlobalSection(SolutionProperties) = preSolution
		HideSolutionNode = FALSE
	EndGlobalSection
	GlobalSection(ExtensibilityGlobals) = postSolution
		SolutionGuid = {1F6A5D14-07E1-4C08-8B7C-A0BD46FCF772}
	EndGlobalSection
EndGlobal
